
Microsoft Visual Studio Solution File, Format Version 12.00
# Visual Studio Version 17
VisualStudioVersion = 17.7.34031.279
MinimumVisualStudioVersion = 10.0.40219.1
Project("{9A19103F-16F7-4668-BE54-9A1E7A4F7556}") = "DataAccess", "DataAccess\DataAccess.csproj", "{492B730C-208D-4105-8B3E-FC513D654D64}"
EndProject
Project("{9A19103F-16F7-4668-BE54-9A1E7A4F7556}") = "BusinessObject", "BusinessObject\BusinessObject.csproj", "{AF17A9E5-0F87-4AB4-9889-090E56B3672A}"
EndProject
Project("{9A19103F-16F7-4668-BE54-9A1E7A4F7556}") = "eStore", "eStore\eStore.csproj", "{98C0F0BD-632F-4562-A003-A36E038E652C}"
EndProject
Project("{9A19103F-16F7-4668-BE54-9A1E7A4F7556}") = "eStoreAPI", "eStoreAPI\eStoreAPI.csproj", "{A4986447-1BEE-431B-B718-03294EA57CDF}"
EndProject
Project("{FAE04EC0-301F-11D3-BF4B-00C04F79EFBC}") = "Repositories", "Repositories\Repositories.csproj", "{FA07771F-AD72-4033-8C92-D7D54708268A}"
EndProject
Global
	GlobalSection(SolutionConfigurationPlatforms) = preSolution
		Debug|Any CPU = Debug|Any CPU
		Release|Any CPU = Release|Any CPU
	EndGlobalSection
	GlobalSection(ProjectConfigurationPlatforms) = postSolution
		{492B730C-208D-4105-8B3E-FC513D654D64}.Debug|Any CPU.ActiveCfg = Debug|Any CPU
		{492B730C-208D-4105-8B3E-FC513D654D64}.Debug|Any CPU.Build.0 = Debug|Any CPU
		{492B730C-208D-4105-8B3E-FC513D654D64}.Release|Any CPU.ActiveCfg = Release|Any CPU
		{492B730C-208D-4105-8B3E-FC513D654D64}.Release|Any CPU.Build.0 = Release|Any CPU
		{AF17A9E5-0F87-4AB4-9889-090E56B3672A}.Debug|Any CPU.ActiveCfg = Debug|Any CPU
		{AF17A9E5-0F87-4AB4-9889-090E56B3672A}.Debug|Any CPU.Build.0 = Debug|Any CPU
		{AF17A9E5-0F87-4AB4-9889-090E56B3672A}.Release|Any CPU.ActiveCfg = Release|Any CPU
		{AF17A9E5-0F87-4AB4-9889-090E56B3672A}.Release|Any CPU.Build.0 = Release|Any CPU
		{98C0F0BD-632F-4562-A003-A36E038E652C}.Debug|Any CPU.ActiveCfg = Debug|Any CPU
		{98C0F0BD-632F-4562-A003-A36E038E652C}.Debug|Any CPU.Build.0 = Debug|Any CPU
		{98C0F0BD-632F-4562-A003-A36E038E652C}.Release|Any CPU.ActiveCfg = Release|Any CPU
		{98C0F0BD-632F-4562-A003-A36E038E652C}.Release|Any CPU.Build.0 = Release|Any CPU
		{A4986447-1BEE-431B-B718-03294EA57CDF}.Debug|Any CPU.ActiveCfg = Debug|Any CPU
		{A4986447-1BEE-431B-B718-03294EA57CDF}.Debug|Any CPU.Build.0 = Debug|Any CPU
		{A4986447-1BEE-431B-B718-03294EA57CDF}.Release|Any CPU.ActiveCfg = Release|Any CPU
		{A4986447-1BEE-431B-B718-03294EA57CDF}.Release|Any CPU.Build.0 = Release|Any CPU
		{FA07771F-AD72-4033-8C92-D7D54708268A}.Debug|Any CPU.ActiveCfg = Debug|Any CPU
		{FA07771F-AD72-4033-8C92-D7D54708268A}.Debug|Any CPU.Build.0 = Debug|Any CPU
		{FA07771F-AD72-4033-8C92-D7D54708268A}.Release|Any CPU.ActiveCfg = Release|Any CPU
		{FA07771F-AD72-4033-8C92-D7D54708268A}.Release|Any CPU.Build.0 = Release|Any CPU
	EndGlobalSection
	GlobalSection(SolutionProperties) = preSolution
		HideSolutionNode = FALSE
	EndGlobalSection
	GlobalSection(ExtensibilityGlobals) = postSolution
		SolutionGuid = {3EB24E33-7835-4CD6-8E20-610FE4F27878}
	EndGlobalSection
EndGlobal
